
Microsoft Visual Studio Solution File, Format Version 12.00
# Visual Studio Version 16
VisualStudioVersion = 16.0.30114.105
MinimumVisualStudioVersion = 10.0.40219.1
Project("{FAE04EC0-301F-11D3-BF4B-00C04F79EFBC}") = "cle-summer-2020-courses", "cle-summer-2020-courses\cle-summer-2020-courses.csproj", "{957A2CF2-9056-493E-BBEE-06701A8E1304}"
EndProject
Global
	GlobalSection(SolutionConfigurationPlatforms) = preSolution
		Debug|Any CPU = Debug|Any CPU
		Release|Any CPU = Release|Any CPU
	EndGlobalSection
	GlobalSection(ProjectConfigurationPlatforms) = postSolution
		{957A2CF2-9056-493E-BBEE-06701A8E1304}.Debug|Any CPU.ActiveCfg = Debug|Any CPU
		{957A2CF2-9056-493E-BBEE-06701A8E1304}.Debug|Any CPU.Build.0 = Debug|Any CPU
		{957A2CF2-9056-493E-BBEE-06701A8E1304}.Release|Any CPU.ActiveCfg = Release|Any CPU
		{957A2CF2-9056-493E-BBEE-06701A8E1304}.Release|Any CPU.Build.0 = Release|Any CPU
	EndGlobalSection
	GlobalSection(SolutionProperties) = preSolution
		HideSolutionNode = FALSE
	EndGlobalSection
	GlobalSection(ExtensibilityGlobals) = postSolution
		SolutionGuid = {C5861C43-7D15-41E8-95D9-CFEF52066BD2}
	EndGlobalSection
EndGlobal
